{
  "name": "bloggify-actions",
  "version": "1.1.0",
  "lockfileVersion": 1,
  "requires": true,
  "dependencies": {
    "is-there": {
      "version": "4.4.3",
      "resolved": "https://registry.npmjs.org/is-there/-/is-there-4.4.3.tgz",
      "integrity": "sha1-osSTZsakh/cZ28rYDL3iEkjSwY0="
    },
    "iterate-object": {
      "version": "1.3.2",
      "resolved": "https://registry.npmjs.org/iterate-object/-/iterate-object-1.3.2.tgz",
      "integrity": "sha1-JOwVr/pdADnog5aVohwsrh9Ftms="
    },
    "require-dir": {
      "version": "0.3.2",
      "resolved": "https://registry.npmjs.org/require-dir/-/require-dir-0.3.2.tgz",
      "integrity": "sha1-wdXHXp+//eny5rM+OD209ZS1pqk="
    }
  }
}
