{
  "name": "bloggify-actions",
  "version": "1.2.1",
  "lockfileVersion": 3,
  "requires": true,
  "packages": {
    "": {
      "name": "bloggify-actions",
      "version": "1.2.1",
      "license": "MIT",
      "dependencies": {
        "is-there": "^4.4.2",
        "iterate-object": "^1.3.2",
        "require-dir-watch": "^1.0.0"
      }
    },
    "node_modules/is-there": {
      "version": "4.4.3",
      "resolved": "https://registry.npmjs.org/is-there/-/is-there-4.4.3.tgz",
      "integrity": "sha1-osSTZsakh/cZ28rYDL3iEkjSwY0="
    },
    "node_modules/iterate-object": {
      "version": "1.3.2",
      "resolved": "https://registry.npmjs.org/iterate-object/-/iterate-object-1.3.2.tgz",
      "integrity": "sha1-JOwVr/pdADnog5aVohwsrh9Ftms="
    },
    "node_modules/require-dir-watch": {
      "version": "1.0.0",
      "resolved": "https://registry.npmjs.org/require-dir-watch/-/require-dir-watch-1.0.0.tgz",
      "integrity": "sha512-SrtIt0NaGt9/N2BrrxRg5k3JpFvLB8Qn+RpjRV5Z+7hJgkTcQBEC6w+ZsS8IoHb+ifcWs4L1vSrTDj5GiqT6Eg==",
      "license": "MIT"
    }
  }
}
