{
  "name": "bloggify-actions",
  "version": "1.3.0",
  "lockfileVersion": 3,
  "requires": true,
  "packages": {
    "": {
      "name": "bloggify-actions",
      "version": "1.3.0",
      "license": "MIT",
      "dependencies": {
        "import-dir-dynamic": "^1.1.0",
        "is-there": "^4.4.2"
      }
    },
    "node_modules/import-dir-dynamic": {
      "version": "1.1.0",
      "resolved": "https://registry.npmjs.org/import-dir-dynamic/-/import-dir-dynamic-1.1.0.tgz",
      "integrity": "sha512-LJwVTT4WXjS3uySDYyyMNoxsb2/1kpWGCIwBYZ2tDRhQgHpRk2bpVdPmwxZRzF5qZq0c6Ba0SorTVF48+Xf9Nw==",
      "license": "MIT"
    },
    "node_modules/is-there": {
      "version": "4.5.2",
      "resolved": "https://registry.npmjs.org/is-there/-/is-there-4.5.2.tgz",
      "integrity": "sha512-ixMkfz3rtS1vEsLf0TjgjqUn96Q0ukpUVDMnPYVocJyTzu2G/QgEtqYddcHZawHO+R31cKVPggJmBLrm1vJCOg==",
      "license": "MIT"
    }
  }
}
